github.com/andygeiss/assert v0.0.6 h1:FyiAIudVwnxp55GIcNOaZ2ABr8n2RI9SXmaXG7+Y53o=
github.com/andygeiss/assert v0.0.6/go.mod h1:ztUvWrfUo43X0zMA1XfX8esn5Uavk6ANSKTT0w2qvAI=
github.com/andygeiss/check v0.0.2 h1:CCZsvhhlZ497qcdGGZepxZI1jdVkIvHOFIcYCfnhvsw=
github.com/andygeiss/check v0.0.2/go.mod h1:WD9GLvm08V6Im6HtA8xTkTEWB77cUFKgv5tfcnY2jdQ=
github.com/andygeiss/log v0.0.1 h1:J/ngruxpIizht69P1JSEFlX59ultp2bVscQdZ51WhRI=
github.com/andygeiss/log v0.0.1/go.mod h1:kY6tA77gUeTk4jY+yunCIHGJ95Xy3O94JzNT4uXI7Ao=
github.com/inconshreveable/mousetrap v1.0.0 h1:Z8tu5sraLXCXIcARxBp/8cbvlwVa7Z1NHg9XEKhtSvM=
github.com/inconshreveable/mousetrap v1.0.0/go.mod h1:PxqpIevigyE2G7u3NXJIT2ANytuPF1OarO4DADm73n8=
github.com/mattn/go-runewidth v0.0.4 h1:2BvfKmzob6Bmd4YsL0zygOqfdFnK7GR4QL06Do4/p7Y=
github.com/mattn/go-runewidth v0.0.4/go.mod h1:LwmH8dsx7+W8Uxz3IHJYH5QSwggIsqBzpuz5H//U1FU=
github.com/olekukonko/tablewriter v0.0.1 h1:b3iUnf1v+ppJiOfNX4yxxqfWKMQPZR5yoh8urCTFX88=
github.com/olekukonko/tablewriter v0.0.1/go.mod h1:vsDQFd/mU46D+Z4whnwzcISnGGzXWMclvtLoiIKAKIo=
github.com/spf13/cobra v0.0.3 h1:ZlrZ4XsMRm04Fr5pSFxBgfND2EBVa1nLpiy1stUsX/8=
github.com/spf13/cobra v0.0.3/go.mod h1:1l0Ry5zgKvJasoi3XT1TypsSe7PqH0Sj9dhYf7v3XqQ=
github.com/spf13/pflag v1.0.3 h1:zPAT6CGy6wXeQ7NtTnaTerfKOsV6V6F8agHXFiazDkg=
github.com/spf13/pflag v1.0.3/go.mod h1:DYY7MBk1bdzusC3SYhjObp+wFpr4gzcvqqNjLnInEg4=
